
Microsoft Visual Studio Solution File, Format Version 12.00
# Visual Studio Version 16
VisualStudioVersion = 16.0.30804.86
MinimumVisualStudioVersion = 10.0.40219.1
Project("{9A19103F-16F7-4668-BE54-9A1E7A4F7556}") = "Projet DNS", "Projet DNS.csproj", "{D79730DB-B286-4274-BED1-40A9E78E765A}"
EndProject
Project("{9A19103F-16F7-4668-BE54-9A1E7A4F7556}") = "Projet DNS.Core.Data", "..\Projet DNS.Core.Data\Projet DNS.Core.Data.csproj", "{1FDF26D3-9442-42F1-97BD-E8930E80A174}"
EndProject
Global
	GlobalSection(SolutionConfigurationPlatforms) = preSolution
		Debug|Any CPU = Debug|Any CPU
		Release|Any CPU = Release|Any CPU
	EndGlobalSection
	GlobalSection(ProjectConfigurationPlatforms) = postSolution
		{D79730DB-B286-4274-BED1-40A9E78E765A}.Debug|Any CPU.ActiveCfg = Debug|Any CPU
		{D79730DB-B286-4274-BED1-40A9E78E765A}.Debug|Any CPU.Build.0 = Debug|Any CPU
		{D79730DB-B286-4274-BED1-40A9E78E765A}.Release|Any CPU.ActiveCfg = Release|Any CPU
		{D79730DB-B286-4274-BED1-40A9E78E765A}.Release|Any CPU.Build.0 = Release|Any CPU
		{1FDF26D3-9442-42F1-97BD-E8930E80A174}.Debug|Any CPU.ActiveCfg = Debug|Any CPU
		{1FDF26D3-9442-42F1-97BD-E8930E80A174}.Debug|Any CPU.Build.0 = Debug|Any CPU
		{1FDF26D3-9442-42F1-97BD-E8930E80A174}.Release|Any CPU.ActiveCfg = Release|Any CPU
		{1FDF26D3-9442-42F1-97BD-E8930E80A174}.Release|Any CPU.Build.0 = Release|Any CPU
	EndGlobalSection
	GlobalSection(SolutionProperties) = preSolution
		HideSolutionNode = FALSE
	EndGlobalSection
	GlobalSection(ExtensibilityGlobals) = postSolution
		SolutionGuid = {C7CC779B-6F7E-43C1-AF26-E013B624037C}
	EndGlobalSection
EndGlobal
